
Microsoft Visual Studio Solution File, Format Version 12.00
# Visual Studio Version 17
VisualStudioVersion = 17.1.32210.238
MinimumVisualStudioVersion = 10.0.40219.1
Project("{FAE04EC0-301F-11D3-BF4B-00C04F79EFBC}") = "Contact_Manager", "Contact_Manager\Contact_Manager.csproj", "{DB2AEF22-0E11-43A4-BF4C-A99E1A5AB761}"
EndProject
Global
	GlobalSection(SolutionConfigurationPlatforms) = preSolution
		Debug|Any CPU = Debug|Any CPU
		Release|Any CPU = Release|Any CPU
	EndGlobalSection
	GlobalSection(ProjectConfigurationPlatforms) = postSolution
		{DB2AEF22-0E11-43A4-BF4C-A99E1A5AB761}.Debug|Any CPU.ActiveCfg = Debug|Any CPU
		{DB2AEF22-0E11-43A4-BF4C-A99E1A5AB761}.Debug|Any CPU.Build.0 = Debug|Any CPU
		{DB2AEF22-0E11-43A4-BF4C-A99E1A5AB761}.Release|Any CPU.ActiveCfg = Release|Any CPU
		{DB2AEF22-0E11-43A4-BF4C-A99E1A5AB761}.Release|Any CPU.Build.0 = Release|Any CPU
	EndGlobalSection
	GlobalSection(SolutionProperties) = preSolution
		HideSolutionNode = FALSE
	EndGlobalSection
	GlobalSection(ExtensibilityGlobals) = postSolution
		SolutionGuid = {48454C6C-58AF-4416-88DF-00140E252E37}
	EndGlobalSection
EndGlobal
